// !$*UTF8*$!
{
	archiveVersion = 1;
	classes = {
	};
	objectVersion = 55;
	objects = {

/* Begin PBXBuildFile section */
		EC32532D27B74B4600AE3832 /* AppDelegate.swift in Sources */ = {isa = PBXBuildFile; fileRef = EC32532C27B74B4600AE3832 /* AppDelegate.swift */; };
		EC32532F27B74B4600AE3832 /* SceneDelegate.swift in Sources */ = {isa = PBXBuildFile; fileRef = EC32532E27B74B4600AE3832 /* SceneDelegate.swift */; };
		EC32533627B74B4900AE3832 /* Assets.xcassets in Resources */ = {isa = PBXBuildFile; fileRef = EC32533527B74B4900AE3832 /* Assets.xcassets */; };
		EC32533927B74B4900AE3832 /* LaunchScreen.storyboard in Resources */ = {isa = PBXBuildFile; fileRef = EC32533727B74B4900AE3832 /* LaunchScreen.storyboard */; };
		EC32534427B74B4900AE3832 /* HungryTimeAppTests.swift in Sources */ = {isa = PBXBuildFile; fileRef = EC32534327B74B4900AE3832 /* HungryTimeAppTests.swift */; };
		EC32534E27B74B4900AE3832 /* HungryTimeAppUITests.swift in Sources */ = {isa = PBXBuildFile; fileRef = EC32534D27B74B4900AE3832 /* HungryTimeAppUITests.swift */; };
		EC32535027B74B4900AE3832 /* HungryTimeAppUITestsLaunchTests.swift in Sources */ = {isa = PBXBuildFile; fileRef = EC32534F27B74B4900AE3832 /* HungryTimeAppUITestsLaunchTests.swift */; };
		EC32535F27B74D3F00AE3832 /* CartViewController.swift in Sources */ = {isa = PBXBuildFile; fileRef = EC32535E27B74D3F00AE3832 /* CartViewController.swift */; };
		EC32536127B74D5000AE3832 /* Cart.storyboard in Resources */ = {isa = PBXBuildFile; fileRef = EC32536027B74D5000AE3832 /* Cart.storyboard */; };
		EC32536927B752EF00AE3832 /* ViewController+Extension.swift in Sources */ = {isa = PBXBuildFile; fileRef = EC32536827B752EF00AE3832 /* ViewController+Extension.swift */; };
		EC32536B27B75DA700AE3832 /* ReuseIdentifiable.swift in Sources */ = {isa = PBXBuildFile; fileRef = EC32536A27B75DA600AE3832 /* ReuseIdentifiable.swift */; };
		EC32536F27B764FF00AE3832 /* Food.swift in Sources */ = {isa = PBXBuildFile; fileRef = EC32536E27B764FF00AE3832 /* Food.swift */; };
		EC5B6D1027BA25E4006F32FD /* CartViewModel.swift in Sources */ = {isa = PBXBuildFile; fileRef = EC5B6D0F27BA25E4006F32FD /* CartViewModel.swift */; };
		EC5B6D1427BA26C1006F32FD /* Service.swift in Sources */ = {isa = PBXBuildFile; fileRef = EC5B6D1327BA26C1006F32FD /* Service.swift */; };
		EC5B6D1627BA273C006F32FD /* CartUseCase.swift in Sources */ = {isa = PBXBuildFile; fileRef = EC5B6D1527BA273C006F32FD /* CartUseCase.swift */; };
		EC5B6D1827BA279F006F32FD /* AppConfigurations.swift in Sources */ = {isa = PBXBuildFile; fileRef = EC5B6D1727BA279F006F32FD /* AppConfigurations.swift */; };
		EC5B6D1B27BA2B9D006F32FD /* Stepper.xib in Resources */ = {isa = PBXBuildFile; fileRef = EC5B6D1A27BA2B9D006F32FD /* Stepper.xib */; };
		EC5B6D1D27BA2E9A006F32FD /* Stepper.swift in Sources */ = {isa = PBXBuildFile; fileRef = EC5B6D1C27BA2E9A006F32FD /* Stepper.swift */; };
		EC5B6D2327BA321E006F32FD /* CartItemTableViewCell.swift in Sources */ = {isa = PBXBuildFile; fileRef = EC5B6D2127BA321E006F32FD /* CartItemTableViewCell.swift */; };
		EC5B6D2427BA321E006F32FD /* CartItemTableViewCell.xib in Resources */ = {isa = PBXBuildFile; fileRef = EC5B6D2227BA321E006F32FD /* CartItemTableViewCell.xib */; };
		EC5B6D2627BA5BC4006F32FD /* Extension+UIView.swift in Sources */ = {isa = PBXBuildFile; fileRef = EC5B6D2527BA5BC4006F32FD /* Extension+UIView.swift */; };
		EC5D90A827BB51E100B5ADC5 /* food.json in Resources */ = {isa = PBXBuildFile; fileRef = EC32536C27B760F200AE3832 /* food.json */; };
		EC635F1D27BB402E00F1563B /* CartTVHeaderView.xib in Resources */ = {isa = PBXBuildFile; fileRef = EC635F1C27BB402E00F1563B /* CartTVHeaderView.xib */; };
		EC635F1F27BB405100F1563B /* CartTVHeaderView.swift in Sources */ = {isa = PBXBuildFile; fileRef = EC635F1E27BB405100F1563B /* CartTVHeaderView.swift */; };
		EC93938027BBD0A700127C6B /* AddressViewController.swift in Sources */ = {isa = PBXBuildFile; fileRef = EC93937F27BBD0A700127C6B /* AddressViewController.swift */; };
		EC93938227BBD1A700127C6B /* TextFieldTableViewCell.swift in Sources */ = {isa = PBXBuildFile; fileRef = EC93938127BBD1A700127C6B /* TextFieldTableViewCell.swift */; };
		EC93938427BBD3AB00127C6B /* RequiredDefaultTextField.swift in Sources */ = {isa = PBXBuildFile; fileRef = EC93938327BBD3AB00127C6B /* RequiredDefaultTextField.swift */; };
		EC93938827BBDFA000127C6B /* Validators.swift in Sources */ = {isa = PBXBuildFile; fileRef = EC93938727BBDFA000127C6B /* Validators.swift */; };
		EC93938A27BBFDC300127C6B /* FontExtension.swift in Sources */ = {isa = PBXBuildFile; fileRef = EC93938927BBFDC300127C6B /* FontExtension.swift */; };
/* End PBXBuildFile section */

/* Begin PBXContainerItemProxy section */
		EC32534027B74B4900AE3832 /* PBXContainerItemProxy */ = {
			isa = PBXContainerItemProxy;
			containerPortal = EC32532127B74B4600AE3832 /* Project object */;
			proxyType = 1;
			remoteGlobalIDString = EC32532827B74B4600AE3832;
			remoteInfo = HungryTimeApp;
		};
		EC32534A27B74B4900AE3832 /* PBXContainerItemProxy */ = {
			isa = PBXContainerItemProxy;
			containerPortal = EC32532127B74B4600AE3832 /* Project object */;
			proxyType = 1;
			remoteGlobalIDString = EC32532827B74B4600AE3832;
			remoteInfo = HungryTimeApp;
		};
/* End PBXContainerItemProxy section */

/* Begin PBXFileReference section */
		EC32532927B74B4600AE3832 /* HungryTimeApp.app */ = {isa = PBXFileReference; explicitFileType = wrapper.application; includeInIndex = 0; path = HungryTimeApp.app; sourceTree = BUILT_PRODUCTS_DIR; };
		EC32532C27B74B4600AE3832 /* AppDelegate.swift */ = {isa = PBXFileReference; lastKnownFileType = sourcecode.swift; path = AppDelegate.swift; sourceTree = "<group>"; };
		EC32532E27B74B4600AE3832 /* SceneDelegate.swift */ = {isa = PBXFileReference; lastKnownFileType = sourcecode.swift; path = SceneDelegate.swift; sourceTree = "<group>"; };
		EC32533527B74B4900AE3832 /* Assets.xcassets */ = {isa = PBXFileReference; lastKnownFileType = folder.assetcatalog; path = Assets.xcassets; sourceTree = "<group>"; };
		EC32533827B74B4900AE3832 /* Base */ = {isa = PBXFileReference; lastKnownFileType = file.storyboard; name = Base; path = Base.lproj/LaunchScreen.storyboard; sourceTree = "<group>"; };
		EC32533A27B74B4900AE3832 /* Info.plist */ = {isa = PBXFileReference; lastKnownFileType = text.plist.xml; path = Info.plist; sourceTree = "<group>"; };
		EC32533F27B74B4900AE3832 /* HungryTimeAppTests.xctest */ = {isa = PBXFileReference; explicitFileType = wrapper.cfbundle; includeInIndex = 0; path = HungryTimeAppTests.xctest; sourceTree = BUILT_PRODUCTS_DIR; };
		EC32534327B74B4900AE3832 /* HungryTimeAppTests.swift */ = {isa = PBXFileReference; lastKnownFileType = sourcecode.swift; path = HungryTimeAppTests.swift; sourceTree = "<group>"; };
		EC32534927B74B4900AE3832 /* HungryTimeAppUITests.xctest */ = {isa = PBXFileReference; explicitFileType = wrapper.cfbundle; includeInIndex = 0; path = HungryTimeAppUITests.xctest; sourceTree = BUILT_PRODUCTS_DIR; };
		EC32534D27B74B4900AE3832 /* HungryTimeAppUITests.swift */ = {isa = PBXFileReference; lastKnownFileType = sourcecode.swift; path = HungryTimeAppUITests.swift; sourceTree = "<group>"; };
		EC32534F27B74B4900AE3832 /* HungryTimeAppUITestsLaunchTests.swift */ = {isa = PBXFileReference; lastKnownFileType = sourcecode.swift; path = HungryTimeAppUITestsLaunchTests.swift; sourceTree = "<group>"; };
		EC32535E27B74D3F00AE3832 /* CartViewController.swift */ = {isa = PBXFileReference; lastKnownFileType = sourcecode.swift; path = CartViewController.swift; sourceTree = "<group>"; };
		EC32536027B74D5000AE3832 /* Cart.storyboard */ = {isa = PBXFileReference; lastKnownFileType = file.storyboard; path = Cart.storyboard; sourceTree = "<group>"; };
		EC32536827B752EF00AE3832 /* ViewController+Extension.swift */ = {isa = PBXFileReference; lastKnownFileType = sourcecode.swift; path = "ViewController+Extension.swift"; sourceTree = "<group>"; };
		EC32536A27B75DA600AE3832 /* ReuseIdentifiable.swift */ = {isa = PBXFileReference; lastKnownFileType = sourcecode.swift; path = ReuseIdentifiable.swift; sourceTree = "<group>"; };
		EC32536C27B760F200AE3832 /* food.json */ = {isa = PBXFileReference; lastKnownFileType = text.json; path = food.json; sourceTree = "<group>"; };
		EC32536E27B764FF00AE3832 /* Food.swift */ = {isa = PBXFileReference; lastKnownFileType = sourcecode.swift; path = Food.swift; sourceTree = "<group>"; };
		EC5B6D0F27BA25E4006F32FD /* CartViewModel.swift */ = {isa = PBXFileReference; lastKnownFileType = sourcecode.swift; path = CartViewModel.swift; sourceTree = "<group>"; };
		EC5B6D1327BA26C1006F32FD /* Service.swift */ = {isa = PBXFileReference; lastKnownFileType = sourcecode.swift; path = Service.swift; sourceTree = "<group>"; };
		EC5B6D1527BA273C006F32FD /* CartUseCase.swift */ = {isa = PBXFileReference; lastKnownFileType = sourcecode.swift; path = CartUseCase.swift; sourceTree = "<group>"; };
		EC5B6D1727BA279F006F32FD /* AppConfigurations.swift */ = {isa = PBXFileReference; lastKnownFileType = sourcecode.swift; path = AppConfigurations.swift; sourceTree = "<group>"; };
		EC5B6D1A27BA2B9D006F32FD /* Stepper.xib */ = {isa = PBXFileReference; lastKnownFileType = file.xib; path = Stepper.xib; sourceTree = "<group>"; };
		EC5B6D1C27BA2E9A006F32FD /* Stepper.swift */ = {isa = PBXFileReference; lastKnownFileType = sourcecode.swift; path = Stepper.swift; sourceTree = "<group>"; };
		EC5B6D2127BA321E006F32FD /* CartItemTableViewCell.swift */ = {isa = PBXFileReference; lastKnownFileType = sourcecode.swift; path = CartItemTableViewCell.swift; sourceTree = "<group>"; };
		EC5B6D2227BA321E006F32FD /* CartItemTableViewCell.xib */ = {isa = PBXFileReference; lastKnownFileType = file.xib; path = CartItemTableViewCell.xib; sourceTree = "<group>"; };
		EC5B6D2527BA5BC4006F32FD /* Extension+UIView.swift */ = {isa = PBXFileReference; lastKnownFileType = sourcecode.swift; path = "Extension+UIView.swift"; sourceTree = "<group>"; };
		EC635F1C27BB402E00F1563B /* CartTVHeaderView.xib */ = {isa = PBXFileReference; lastKnownFileType = file.xib; path = CartTVHeaderView.xib; sourceTree = "<group>"; };
		EC635F1E27BB405100F1563B /* CartTVHeaderView.swift */ = {isa = PBXFileReference; lastKnownFileType = sourcecode.swift; path = CartTVHeaderView.swift; sourceTree = "<group>"; };
		EC93937F27BBD0A700127C6B /* AddressViewController.swift */ = {isa = PBXFileReference; lastKnownFileType = sourcecode.swift; path = AddressViewController.swift; sourceTree = "<group>"; };
		EC93938127BBD1A700127C6B /* TextFieldTableViewCell.swift */ = {isa = PBXFileReference; lastKnownFileType = sourcecode.swift; path = TextFieldTableViewCell.swift; sourceTree = "<group>"; };
		EC93938327BBD3AB00127C6B /* RequiredDefaultTextField.swift */ = {isa = PBXFileReference; lastKnownFileType = sourcecode.swift; path = RequiredDefaultTextField.swift; sourceTree = "<group>"; };
		EC93938727BBDFA000127C6B /* Validators.swift */ = {isa = PBXFileReference; lastKnownFileType = sourcecode.swift; path = Validators.swift; sourceTree = "<group>"; };
		EC93938927BBFDC300127C6B /* FontExtension.swift */ = {isa = PBXFileReference; lastKnownFileType = sourcecode.swift; path = FontExtension.swift; sourceTree = "<group>"; };
		EC93938E27BC1FCE00127C6B /* README.md */ = {isa = PBXFileReference; lastKnownFileType = net.daringfireball.markdown; path = README.md; sourceTree = "<group>"; };
/* End PBXFileReference section */

/* Begin PBXFrameworksBuildPhase section */
		EC32532627B74B4600AE3832 /* Frameworks */ = {
			isa = PBXFrameworksBuildPhase;
			buildActionMask = 2147483647;
			files = (
			);
			runOnlyForDeploymentPostprocessing = 0;
		};
		EC32533C27B74B4900AE3832 /* Frameworks */ = {
			isa = PBXFrameworksBuildPhase;
			buildActionMask = 2147483647;
			files = (
			);
			runOnlyForDeploymentPostprocessing = 0;
		};
		EC32534627B74B4900AE3832 /* Frameworks */ = {
			isa = PBXFrameworksBuildPhase;
			buildActionMask = 2147483647;
			files = (
			);
			runOnlyForDeploymentPostprocessing = 0;
		};
/* End PBXFrameworksBuildPhase section */

/* Begin PBXGroup section */
		EC32532027B74B4600AE3832 = {
			isa = PBXGroup;
			children = (
				EC93938E27BC1FCE00127C6B /* README.md */,
				EC32532B27B74B4600AE3832 /* HungryTimeApp */,
				EC32534227B74B4900AE3832 /* HungryTimeAppTests */,
				EC32534C27B74B4900AE3832 /* HungryTimeAppUITests */,
				EC32532A27B74B4600AE3832 /* Products */,
			);
			sourceTree = "<group>";
		};
		EC32532A27B74B4600AE3832 /* Products */ = {
			isa = PBXGroup;
			children = (
				EC32532927B74B4600AE3832 /* HungryTimeApp.app */,
				EC32533F27B74B4900AE3832 /* HungryTimeAppTests.xctest */,
				EC32534927B74B4900AE3832 /* HungryTimeAppUITests.xctest */,
			);
			name = Products;
			sourceTree = "<group>";
		};
		EC32532B27B74B4600AE3832 /* HungryTimeApp */ = {
			isa = PBXGroup;
			children = (
				EC5B6D1927BA2B5C006F32FD /* CustomView */,
				EC5B6D1227BA2682006F32FD /* Utilities */,
				EC32535C27B74D1A00AE3832 /* Resource */,
				EC5B6D1127BA25EF006F32FD /* Source */,
				EC32532C27B74B4600AE3832 /* AppDelegate.swift */,
				EC32532E27B74B4600AE3832 /* SceneDelegate.swift */,
			);
			path = HungryTimeApp;
			sourceTree = "<group>";
		};
		EC32534227B74B4900AE3832 /* HungryTimeAppTests */ = {
			isa = PBXGroup;
			children = (
				EC32534327B74B4900AE3832 /* HungryTimeAppTests.swift */,
			);
			path = HungryTimeAppTests;
			sourceTree = "<group>";
		};
		EC32534C27B74B4900AE3832 /* HungryTimeAppUITests */ = {
			isa = PBXGroup;
			children = (
				EC32534D27B74B4900AE3832 /* HungryTimeAppUITests.swift */,
				EC32534F27B74B4900AE3832 /* HungryTimeAppUITestsLaunchTests.swift */,
			);
			path = HungryTimeAppUITests;
			sourceTree = "<group>";
		};
		EC32535C27B74D1A00AE3832 /* Resource */ = {
			isa = PBXGroup;
			children = (
				EC32536C27B760F200AE3832 /* food.json */,
				EC32533527B74B4900AE3832 /* Assets.xcassets */,
				EC32533727B74B4900AE3832 /* LaunchScreen.storyboard */,
				EC32533A27B74B4900AE3832 /* Info.plist */,
			);
			path = Resource;
			sourceTree = "<group>";
		};
		EC32535D27B74D2600AE3832 /* CartModule */ = {
			isa = PBXGroup;
			children = (
				EC93938B27BC1A7F00127C6B /* Cart */,
				EC93937E27BBD07D00127C6B /* Address */,
				EC5B6D1E27BA31A4006F32FD /* View */,
				EC32536027B74D5000AE3832 /* Cart.storyboard */,
			);
			path = CartModule;
			sourceTree = "<group>";
		};
		EC5B6D1127BA25EF006F32FD /* Source */ = {
			isa = PBXGroup;
			children = (
				EC32535D27B74D2600AE3832 /* CartModule */,
			);
			path = Source;
			sourceTree = "<group>";
		};
		EC5B6D1227BA2682006F32FD /* Utilities */ = {
			isa = PBXGroup;
			children = (
				EC32536827B752EF00AE3832 /* ViewController+Extension.swift */,
				EC5B6D1727BA279F006F32FD /* AppConfigurations.swift */,
				EC32536A27B75DA600AE3832 /* ReuseIdentifiable.swift */,
				EC5B6D1327BA26C1006F32FD /* Service.swift */,
				EC5B6D2527BA5BC4006F32FD /* Extension+UIView.swift */,
				EC93938327BBD3AB00127C6B /* RequiredDefaultTextField.swift */,
				EC93938727BBDFA000127C6B /* Validators.swift */,
			);
			path = Utilities;
			sourceTree = "<group>";
		};
		EC5B6D1927BA2B5C006F32FD /* CustomView */ = {
			isa = PBXGroup;
			children = (
				EC5B6D1A27BA2B9D006F32FD /* Stepper.xib */,
				EC5B6D1C27BA2E9A006F32FD /* Stepper.swift */,
				EC93938927BBFDC300127C6B /* FontExtension.swift */,
			);
			path = CustomView;
			sourceTree = "<group>";
		};
		EC5B6D1E27BA31A4006F32FD /* View */ = {
			isa = PBXGroup;
			children = (
				EC5B6D2127BA321E006F32FD /* CartItemTableViewCell.swift */,
				EC5B6D2227BA321E006F32FD /* CartItemTableViewCell.xib */,
				EC635F1C27BB402E00F1563B /* CartTVHeaderView.xib */,
				EC635F1E27BB405100F1563B /* CartTVHeaderView.swift */,
			);
			path = View;
			sourceTree = "<group>";
		};
		EC93937E27BBD07D00127C6B /* Address */ = {
			isa = PBXGroup;
			children = (
				EC93938C27BC1AA600127C6B /* View */,
				EC93937F27BBD0A700127C6B /* AddressViewController.swift */,
			);
			path = Address;
			sourceTree = "<group>";
		};
		EC93938B27BC1A7F00127C6B /* Cart */ = {
			isa = PBXGroup;
			children = (
				EC32536E27B764FF00AE3832 /* Food.swift */,
				EC32535E27B74D3F00AE3832 /* CartViewController.swift */,
				EC5B6D0F27BA25E4006F32FD /* CartViewModel.swift */,
				EC5B6D1527BA273C006F32FD /* CartUseCase.swift */,
			);
			path = Cart;
			sourceTree = "<group>";
		};
		EC93938C27BC1AA600127C6B /* View */ = {
			isa = PBXGroup;
			children = (
				EC93938127BBD1A700127C6B /* TextFieldTableViewCell.swift */,
			);
			path = View;
			sourceTree = "<group>";
		};
/* End PBXGroup section */

/* Begin PBXNativeTarget section */
		EC32532827B74B4600AE3832 /* HungryTimeApp */ = {
			isa = PBXNativeTarget;
			buildConfigurationList = EC32535327B74B4900AE3832 /* Build configuration list for PBXNativeTarget "HungryTimeApp" */;
			buildPhases = (
				EC32532527B74B4600AE3832 /* Sources */,
				EC32532627B74B4600AE3832 /* Frameworks */,
				EC32532727B74B4600AE3832 /* Resources */,
			);
			buildRules = (
			);
			dependencies = (
			);
			name = HungryTimeApp;
			productName = HungryTimeApp;
			productReference = EC32532927B74B4600AE3832 /* HungryTimeApp.app */;
			productType = "com.apple.product-type.application";
		};
		EC32533E27B74B4900AE3832 /* HungryTimeAppTests */ = {
			isa = PBXNativeTarget;
			buildConfigurationList = EC32535627B74B4900AE3832 /* Build configuration list for PBXNativeTarget "HungryTimeAppTests" */;
			buildPhases = (
				EC32533B27B74B4900AE3832 /* Sources */,
				EC32533C27B74B4900AE3832 /* Frameworks */,
				EC32533D27B74B4900AE3832 /* Resources */,
			);
			buildRules = (
			);
			dependencies = (
				EC32534127B74B4900AE3832 /* PBXTargetDependency */,
			);
			name = HungryTimeAppTests;
			productName = HungryTimeAppTests;
			productReference = EC32533F27B74B4900AE3832 /* HungryTimeAppTests.xctest */;
			productType = "com.apple.product-type.bundle.unit-test";
		};
		EC32534827B74B4900AE3832 /* HungryTimeAppUITests */ = {
			isa = PBXNativeTarget;
			buildConfigurationList = EC32535927B74B4900AE3832 /* Build configuration list for PBXNativeTarget "HungryTimeAppUITests" */;
			buildPhases = (
				EC32534527B74B4900AE3832 /* Sources */,
				EC32534627B74B4900AE3832 /* Frameworks */,
				EC32534727B74B4900AE3832 /* Resources */,
			);
			buildRules = (
			);
			dependencies = (
				EC32534B27B74B4900AE3832 /* PBXTargetDependency */,
			);
			name = HungryTimeAppUITests;
			productName = HungryTimeAppUITests;
			productReference = EC32534927B74B4900AE3832 /* HungryTimeAppUITests.xctest */;
			productType = "com.apple.product-type.bundle.ui-testing";
		};
/* End PBXNativeTarget section */

/* Begin PBXProject section */
		EC32532127B74B4600AE3832 /* Project object */ = {
			isa = PBXProject;
			attributes = {
				BuildIndependentTargetsInParallel = 1;
				LastSwiftUpdateCheck = 1300;
				LastUpgradeCheck = 1300;
				TargetAttributes = {
					EC32532827B74B4600AE3832 = {
						CreatedOnToolsVersion = 13.0;
					};
					EC32533E27B74B4900AE3832 = {
						CreatedOnToolsVersion = 13.0;
						TestTargetID = EC32532827B74B4600AE3832;
					};
					EC32534827B74B4900AE3832 = {
						CreatedOnToolsVersion = 13.0;
						TestTargetID = EC32532827B74B4600AE3832;
					};
				};
			};
			buildConfigurationList = EC32532427B74B4600AE3832 /* Build configuration list for PBXProject "HungryTimeApp" */;
			compatibilityVersion = "Xcode 13.0";
			developmentRegion = en;
			hasScannedForEncodings = 0;
			knownRegions = (
				en,
				Base,
			);
			mainGroup = EC32532027B74B4600AE3832;
			productRefGroup = EC32532A27B74B4600AE3832 /* Products */;
			projectDirPath = "";
			projectRoot = "";
			targets = (
				EC32532827B74B4600AE3832 /* HungryTimeApp */,
				EC32533E27B74B4900AE3832 /* HungryTimeAppTests */,
				EC32534827B74B4900AE3832 /* HungryTimeAppUITests */,
			);
		};
/* End PBXProject section */

/* Begin PBXResourcesBuildPhase section */
		EC32532727B74B4600AE3832 /* Resources */ = {
			isa = PBXResourcesBuildPhase;
			buildActionMask = 2147483647;
			files = (
				EC5B6D1B27BA2B9D006F32FD /* Stepper.xib in Resources */,
				EC5D90A827BB51E100B5ADC5 /* food.json in Resources */,
				EC32533927B74B4900AE3832 /* LaunchScreen.storyboard in Resources */,
				EC32536127B74D5000AE3832 /* Cart.storyboard in Resources */,
				EC32533627B74B4900AE3832 /* Assets.xcassets in Resources */,
				EC5B6D2427BA321E006F32FD /* CartItemTableViewCell.xib in Resources */,
				EC635F1D27BB402E00F1563B /* CartTVHeaderView.xib in Resources */,
			);
			runOnlyForDeploymentPostprocessing = 0;
		};
		EC32533D27B74B4900AE3832 /* Resources */ = {
			isa = PBXResourcesBuildPhase;
			buildActionMask = 2147483647;
			files = (
			);
			runOnlyForDeploymentPostprocessing = 0;
		};
		EC32534727B74B4900AE3832 /* Resources */ = {
			isa = PBXResourcesBuildPhase;
			buildActionMask = 2147483647;
			files = (
			);
			runOnlyForDeploymentPostprocessing = 0;
		};
/* End PBXResourcesBuildPhase section */

/* Begin PBXSourcesBuildPhase section */
		EC32532527B74B4600AE3832 /* Sources */ = {
			isa = PBXSourcesBuildPhase;
			buildActionMask = 2147483647;
			files = (
				EC5B6D2627BA5BC4006F32FD /* Extension+UIView.swift in Sources */,
				EC5B6D1827BA279F006F32FD /* AppConfigurations.swift in Sources */,
				EC32536F27B764FF00AE3832 /* Food.swift in Sources */,
				EC32532D27B74B4600AE3832 /* AppDelegate.swift in Sources */,
				EC32535F27B74D3F00AE3832 /* CartViewController.swift in Sources */,
				EC93938427BBD3AB00127C6B /* RequiredDefaultTextField.swift in Sources */,
				EC32532F27B74B4600AE3832 /* SceneDelegate.swift in Sources */,
				EC93938027BBD0A700127C6B /* AddressViewController.swift in Sources */,
				EC93938827BBDFA000127C6B /* Validators.swift in Sources */,
				EC93938A27BBFDC300127C6B /* FontExtension.swift in Sources */,
				EC5B6D1027BA25E4006F32FD /* CartViewModel.swift in Sources */,
				EC5B6D1427BA26C1006F32FD /* Service.swift in Sources */,
				EC5B6D2327BA321E006F32FD /* CartItemTableViewCell.swift in Sources */,
				EC635F1F27BB405100F1563B /* CartTVHeaderView.swift in Sources */,
				EC5B6D1D27BA2E9A006F32FD /* Stepper.swift in Sources */,
				EC32536927B752EF00AE3832 /* ViewController+Extension.swift in Sources */,
				EC32536B27B75DA700AE3832 /* ReuseIdentifiable.swift in Sources */,
				EC93938227BBD1A700127C6B /* TextFieldTableViewCell.swift in Sources */,
				EC5B6D1627BA273C006F32FD /* CartUseCase.swift in Sources */,
			);
			runOnlyForDeploymentPostprocessing = 0;
		};
		EC32533B27B74B4900AE3832 /* Sources */ = {
			isa = PBXSourcesBuildPhase;
			buildActionMask = 2147483647;
			files = (
				EC32534427B74B4900AE3832 /* HungryTimeAppTests.swift in Sources */,
			);
			runOnlyForDeploymentPostprocessing = 0;
		};
		EC32534527B74B4900AE3832 /* Sources */ = {
			isa = PBXSourcesBuildPhase;
			buildActionMask = 2147483647;
			files = (
				EC32535027B74B4900AE3832 /* HungryTimeAppUITestsLaunchTests.swift in Sources */,
				EC32534E27B74B4900AE3832 /* HungryTimeAppUITests.swift in Sources */,
			);
			runOnlyForDeploymentPostprocessing = 0;
		};
/* End PBXSourcesBuildPhase section */

/* Begin PBXTargetDependency section */
		EC32534127B74B4900AE3832 /* PBXTargetDependency */ = {
			isa = PBXTargetDependency;
			target = EC32532827B74B4600AE3832 /* HungryTimeApp */;
			targetProxy = EC32534027B74B4900AE3832 /* PBXContainerItemProxy */;
		};
		EC32534B27B74B4900AE3832 /* PBXTargetDependency */ = {
			isa = PBXTargetDependency;
			target = EC32532827B74B4600AE3832 /* HungryTimeApp */;
			targetProxy = EC32534A27B74B4900AE3832 /* PBXContainerItemProxy */;
		};
/* End PBXTargetDependency section */

/* Begin PBXVariantGroup section */
		EC32533727B74B4900AE3832 /* LaunchScreen.storyboard */ = {
			isa = PBXVariantGroup;
			children = (
				EC32533827B74B4900AE3832 /* Base */,
			);
			name = LaunchScreen.storyboard;
			sourceTree = "<group>";
		};
/* End PBXVariantGroup section */

/* Begin XCBuildConfiguration section */
		EC32535127B74B4900AE3832 /* Debug */ = {
			isa = XCBuildConfiguration;
			buildSettings = {
				ALWAYS_SEARCH_USER_PATHS = NO;
				CLANG_ANALYZER_NONNULL = YES;
				CLANG_ANALYZER_NUMBER_OBJECT_CONVERSION = YES_AGGRESSIVE;
				CLANG_CXX_LANGUAGE_STANDARD = "gnu++17";
				CLANG_CXX_LIBRARY = "libc++";
				CLANG_ENABLE_MODULES = YES;
				CLANG_ENABLE_OBJC_ARC = YES;
				CLANG_ENABLE_OBJC_WEAK = YES;
				CLANG_WARN_BLOCK_CAPTURE_AUTORELEASING = YES;
				CLANG_WARN_BOOL_CONVERSION = YES;
				CLANG_WARN_COMMA = YES;
				CLANG_WARN_CONSTANT_CONVERSION = YES;
				CLANG_WARN_DEPRECATED_OBJC_IMPLEMENTATIONS = YES;
				CLANG_WARN_DIRECT_OBJC_ISA_USAGE = YES_ERROR;
				CLANG_WARN_DOCUMENTATION_COMMENTS = YES;
				CLANG_WARN_EMPTY_BODY = YES;
				CLANG_WARN_ENUM_CONVERSION = YES;
				CLANG_WARN_INFINITE_RECURSION = YES;
				CLANG_WARN_INT_CONVERSION = YES;
				CLANG_WARN_NON_LITERAL_NULL_CONVERSION = YES;
				CLANG_WARN_OBJC_IMPLICIT_RETAIN_SELF = YES;
				CLANG_WARN_OBJC_LITERAL_CONVERSION = YES;
				CLANG_WARN_OBJC_ROOT_CLASS = YES_ERROR;
				CLANG_WARN_QUOTED_INCLUDE_IN_FRAMEWORK_HEADER = YES;
				CLANG_WARN_RANGE_LOOP_ANALYSIS = YES;
				CLANG_WARN_STRICT_PROTOTYPES = YES;
				CLANG_WARN_SUSPICIOUS_MOVE = YES;
				CLANG_WARN_UNGUARDED_AVAILABILITY = YES_AGGRESSIVE;
				CLANG_WARN_UNREACHABLE_CODE = YES;
				CLANG_WARN__DUPLICATE_METHOD_MATCH = YES;
				COPY_PHASE_STRIP = NO;
				DEBUG_INFORMATION_FORMAT = dwarf;
				ENABLE_STRICT_OBJC_MSGSEND = YES;
				ENABLE_TESTABILITY = YES;
				GCC_C_LANGUAGE_STANDARD = gnu11;
				GCC_DYNAMIC_NO_PIC = NO;
				GCC_NO_COMMON_BLOCKS = YES;
				GCC_OPTIMIZATION_LEVEL = 0;
				GCC_PREPROCESSOR_DEFINITIONS = (
					"DEBUG=1",
					"$(inherited)",
				);
				GCC_WARN_64_TO_32_BIT_CONVERSION = YES;
				GCC_WARN_ABOUT_RETURN_TYPE = YES_ERROR;
				GCC_WARN_UNDECLARED_SELECTOR = YES;
				GCC_WARN_UNINITIALIZED_AUTOS = YES_AGGRESSIVE;
				GCC_WARN_UNUSED_FUNCTION = YES;
				GCC_WARN_UNUSED_VARIABLE = YES;
				IPHONEOS_DEPLOYMENT_TARGET = 15.0;
				MTL_ENABLE_DEBUG_INFO = INCLUDE_SOURCE;
				MTL_FAST_MATH = YES;
				ONLY_ACTIVE_ARCH = YES;
				SDKROOT = iphoneos;
				SWIFT_ACTIVE_COMPILATION_CONDITIONS = DEBUG;
				SWIFT_OPTIMIZATION_LEVEL = "-Onone";
			};
			name = Debug;
		};
		EC32535227B74B4900AE3832 /* Release */ = {
			isa = XCBuildConfiguration;
			buildSettings = {
				ALWAYS_SEARCH_USER_PATHS = NO;
				CLANG_ANALYZER_NONNULL = YES;
				CLANG_ANALYZER_NUMBER_OBJECT_CONVERSION = YES_AGGRESSIVE;
				CLANG_CXX_LANGUAGE_STANDARD = "gnu++17";
				CLANG_CXX_LIBRARY = "libc++";
				CLANG_ENABLE_MODULES = YES;
				CLANG_ENABLE_OBJC_ARC = YES;
				CLANG_ENABLE_OBJC_WEAK = YES;
				CLANG_WARN_BLOCK_CAPTURE_AUTORELEASING = YES;
				CLANG_WARN_BOOL_CONVERSION = YES;
				CLANG_WARN_COMMA = YES;
				CLANG_WARN_CONSTANT_CONVERSION = YES;
				CLANG_WARN_DEPRECATED_OBJC_IMPLEMENTATIONS = YES;
				CLANG_WARN_DIRECT_OBJC_ISA_USAGE = YES_ERROR;
				CLANG_WARN_DOCUMENTATION_COMMENTS = YES;
				CLANG_WARN_EMPTY_BODY = YES;
				CLANG_WARN_ENUM_CONVERSION = YES;
				CLANG_WARN_INFINITE_RECURSION = YES;
				CLANG_WARN_INT_CONVERSION = YES;
				CLANG_WARN_NON_LITERAL_NULL_CONVERSION = YES;
				CLANG_WARN_OBJC_IMPLICIT_RETAIN_SELF = YES;
				CLANG_WARN_OBJC_LITERAL_CONVERSION = YES;
				CLANG_WARN_OBJC_ROOT_CLASS = YES_ERROR;
				CLANG_WARN_QUOTED_INCLUDE_IN_FRAMEWORK_HEADER = YES;
				CLANG_WARN_RANGE_LOOP_ANALYSIS = YES;
				CLANG_WARN_STRICT_PROTOTYPES = YES;
				CLANG_WARN_SUSPICIOUS_MOVE = YES;
				CLANG_WARN_UNGUARDED_AVAILABILITY = YES_AGGRESSIVE;
				CLANG_WARN_UNREACHABLE_CODE = YES;
				CLANG_WARN__DUPLICATE_METHOD_MATCH = YES;
				COPY_PHASE_STRIP = NO;
				DEBUG_INFORMATION_FORMAT = "dwarf-with-dsym";
				ENABLE_NS_ASSERTIONS = NO;
				ENABLE_STRICT_OBJC_MSGSEND = YES;
				GCC_C_LANGUAGE_STANDARD = gnu11;
				GCC_NO_COMMON_BLOCKS = YES;
				GCC_WARN_64_TO_32_BIT_CONVERSION = YES;
				GCC_WARN_ABOUT_RETURN_TYPE = YES_ERROR;
				GCC_WARN_UNDECLARED_SELECTOR = YES;
				GCC_WARN_UNINITIALIZED_AUTOS = YES_AGGRESSIVE;
				GCC_WARN_UNUSED_FUNCTION = YES;
				GCC_WARN_UNUSED_VARIABLE = YES;
				IPHONEOS_DEPLOYMENT_TARGET = 15.0;
				MTL_ENABLE_DEBUG_INFO = NO;
				MTL_FAST_MATH = YES;
				SDKROOT = iphoneos;
				SWIFT_COMPILATION_MODE = wholemodule;
				SWIFT_OPTIMIZATION_LEVEL = "-O";
				VALIDATE_PRODUCT = YES;
			};
			name = Release;
		};
		EC32535427B74B4900AE3832 /* Debug */ = {
			isa = XCBuildConfiguration;
			buildSettings = {
				ASSETCATALOG_COMPILER_APPICON_NAME = AppIcon;
				ASSETCATALOG_COMPILER_GLOBAL_ACCENT_COLOR_NAME = AccentColor;
				CODE_SIGN_STYLE = Automatic;
				CURRENT_PROJECT_VERSION = 1;
				GENERATE_INFOPLIST_FILE = YES;
				INFOPLIST_FILE = HungryTimeApp/Resource/Info.plist;
				INFOPLIST_KEY_UIApplicationSupportsIndirectInputEvents = YES;
				INFOPLIST_KEY_UILaunchStoryboardName = LaunchScreen;
				INFOPLIST_KEY_UISupportedInterfaceOrientations = UIInterfaceOrientationPortrait;
				INFOPLIST_KEY_UISupportedInterfaceOrientations_iPad = "UIInterfaceOrientationPortrait UIInterfaceOrientationPortraitUpsideDown UIInterfaceOrientationLandscapeLeft UIInterfaceOrientationLandscapeRight";
				INFOPLIST_KEY_UISupportedInterfaceOrientations_iPhone = "UIInterfaceOrientationPortrait UIInterfaceOrientationLandscapeLeft UIInterfaceOrientationLandscapeRight";
				LD_RUNPATH_SEARCH_PATHS = (
					"$(inherited)",
					"@executable_path/Frameworks",
				);
				MARKETING_VERSION = 1.0;
				PRODUCT_BUNDLE_IDENTIFIER = np.com.prashantghimire.HungryTimeApp;
				PRODUCT_NAME = "$(TARGET_NAME)";
				SWIFT_EMIT_LOC_STRINGS = YES;
				SWIFT_VERSION = 5.0;
				TARGETED_DEVICE_FAMILY = 1;
			};
			name = Debug;
		};
		EC32535527B74B4900AE3832 /* Release */ = {
			isa = XCBuildConfiguration;
			buildSettings = {
				ASSETCATALOG_COMPILER_APPICON_NAME = AppIcon;
				ASSETCATALOG_COMPILER_GLOBAL_ACCENT_COLOR_NAME = AccentColor;
				CODE_SIGN_STYLE = Automatic;
				CURRENT_PROJECT_VERSION = 1;
				GENERATE_INFOPLIST_FILE = YES;
				INFOPLIST_FILE = HungryTimeApp/Resource/Info.plist;
				INFOPLIST_KEY_UIApplicationSupportsIndirectInputEvents = YES;
				INFOPLIST_KEY_UILaunchStoryboardName = LaunchScreen;
				INFOPLIST_KEY_UISupportedInterfaceOrientations = UIInterfaceOrientationPortrait;
				INFOPLIST_KEY_UISupportedInterfaceOrientations_iPad = "UIInterfaceOrientationPortrait UIInterfaceOrientationPortraitUpsideDown UIInterfaceOrientationLandscapeLeft UIInterfaceOrientationLandscapeRight";
				INFOPLIST_KEY_UISupportedInterfaceOrientations_iPhone = "UIInterfaceOrientationPortrait UIInterfaceOrientationLandscapeLeft UIInterfaceOrientationLandscapeRight";
				LD_RUNPATH_SEARCH_PATHS = (
					"$(inherited)",
					"@executable_path/Frameworks",
				);
				MARKETING_VERSION = 1.0;
				PRODUCT_BUNDLE_IDENTIFIER = np.com.prashantghimire.HungryTimeApp;
				PRODUCT_NAME = "$(TARGET_NAME)";
				SWIFT_EMIT_LOC_STRINGS = YES;
				SWIFT_VERSION = 5.0;
				TARGETED_DEVICE_FAMILY = 1;
			};
			name = Release;
		};
		EC32535727B74B4900AE3832 /* Debug */ = {
			isa = XCBuildConfiguration;
			buildSettings = {
				ALWAYS_EMBED_SWIFT_STANDARD_LIBRARIES = YES;
				BUNDLE_LOADER = "$(TEST_HOST)";
				CODE_SIGN_STYLE = Automatic;
				CURRENT_PROJECT_VERSION = 1;
				GENERATE_INFOPLIST_FILE = YES;
				IPHONEOS_DEPLOYMENT_TARGET = 15.0;
				LD_RUNPATH_SEARCH_PATHS = (
					"$(inherited)",
					"@executable_path/Frameworks",
					"@loader_path/Frameworks",
				);
				MARKETING_VERSION = 1.0;
				PRODUCT_BUNDLE_IDENTIFIER = np.com.prashantghimire.HungryTimeAppTests;
				PRODUCT_NAME = "$(TARGET_NAME)";
				SWIFT_EMIT_LOC_STRINGS = NO;
				SWIFT_VERSION = 5.0;
				TARGETED_DEVICE_FAMILY = "1,2";
				TEST_HOST = "$(BUILT_PRODUCTS_DIR)/HungryTimeApp.app/HungryTimeApp";
			};
			name = Debug;
		};
		EC32535827B74B4900AE3832 /* Release */ = {
			isa = XCBuildConfiguration;
			buildSettings = {
				ALWAYS_EMBED_SWIFT_STANDARD_LIBRARIES = YES;
				BUNDLE_LOADER = "$(TEST_HOST)";
				CODE_SIGN_STYLE = Automatic;
				CURRENT_PROJECT_VERSION = 1;
				GENERATE_INFOPLIST_FILE = YES;
				IPHONEOS_DEPLOYMENT_TARGET = 15.0;
				LD_RUNPATH_SEARCH_PATHS = (
					"$(inherited)",
					"@executable_path/Frameworks",
					"@loader_path/Frameworks",
				);
				MARKETING_VERSION = 1.0;
				PRODUCT_BUNDLE_IDENTIFIER = np.com.prashantghimire.HungryTimeAppTests;
				PRODUCT_NAME = "$(TARGET_NAME)";
				SWIFT_EMIT_LOC_STRINGS = NO;
				SWIFT_VERSION = 5.0;
				TARGETED_DEVICE_FAMILY = "1,2";
				TEST_HOST = "$(BUILT_PRODUCTS_DIR)/HungryTimeApp.app/HungryTimeApp";
			};
			name = Release;
		};
		EC32535A27B74B4900AE3832 /* Debug */ = {
			isa = XCBuildConfiguration;
			buildSettings = {
				ALWAYS_EMBED_SWIFT_STANDARD_LIBRARIES = YES;
				CODE_SIGN_STYLE = Automatic;
				CURRENT_PROJECT_VERSION = 1;
				GENERATE_INFOPLIST_FILE = YES;
				LD_RUNPATH_SEARCH_PATHS = (
					"$(inherited)",
					"@executable_path/Frameworks",
					"@loader_path/Frameworks",
				);
				MARKETING_VERSION = 1.0;
				PRODUCT_BUNDLE_IDENTIFIER = np.com.prashantghimire.HungryTimeAppUITests;
				PRODUCT_NAME = "$(TARGET_NAME)";
				SWIFT_EMIT_LOC_STRINGS = NO;
				SWIFT_VERSION = 5.0;
				TARGETED_DEVICE_FAMILY = "1,2";
				TEST_TARGET_NAME = HungryTimeApp;
			};
			name = Debug;
		};
		EC32535B27B74B4900AE3832 /* Release */ = {
			isa = XCBuildConfiguration;
			buildSettings = {
				ALWAYS_EMBED_SWIFT_STANDARD_LIBRARIES = YES;
				CODE_SIGN_STYLE = Automatic;
				CURRENT_PROJECT_VERSION = 1;
				GENERATE_INFOPLIST_FILE = YES;
				LD_RUNPATH_SEARCH_PATHS = (
					"$(inherited)",
					"@executable_path/Frameworks",
					"@loader_path/Frameworks",
				);
				MARKETING_VERSION = 1.0;
				PRODUCT_BUNDLE_IDENTIFIER = np.com.prashantghimire.HungryTimeAppUITests;
				PRODUCT_NAME = "$(TARGET_NAME)";
				SWIFT_EMIT_LOC_STRINGS = NO;
				SWIFT_VERSION = 5.0;
				TARGETED_DEVICE_FAMILY = "1,2";
				TEST_TARGET_NAME = HungryTimeApp;
			};
			name = Release;
		};
/* End XCBuildConfiguration section */

/* Begin XCConfigurationList section */
		EC32532427B74B4600AE3832 /* Build configuration list for PBXProject "HungryTimeApp" */ = {
			isa = XCConfigurationList;
			buildConfigurations = (
				EC32535127B74B4900AE3832 /* Debug */,
				EC32535227B74B4900AE3832 /* Release */,
			);
			defaultConfigurationIsVisible = 0;
			defaultConfigurationName = Release;
		};
		EC32535327B74B4900AE3832 /* Build configuration list for PBXNativeTarget "HungryTimeApp" */ = {
			isa = XCConfigurationList;
			buildConfigurations = (
				EC32535427B74B4900AE3832 /* Debug */,
				EC32535527B74B4900AE3832 /* Release */,
			);
			defaultConfigurationIsVisible = 0;
			defaultConfigurationName = Release;
		};
		EC32535627B74B4900AE3832 /* Build configuration list for PBXNativeTarget "HungryTimeAppTests" */ = {
			isa = XCConfigurationList;
			buildConfigurations = (
				EC32535727B74B4900AE3832 /* Debug */,
				EC32535827B74B4900AE3832 /* Release */,
			);
			defaultConfigurationIsVisible = 0;
			defaultConfigurationName = Release;
		};
		EC32535927B74B4900AE3832 /* Build configuration list for PBXNativeTarget "HungryTimeAppUITests" */ = {
			isa = XCConfigurationList;
			buildConfigurations = (
				EC32535A27B74B4900AE3832 /* Debug */,
				EC32535B27B74B4900AE3832 /* Release */,
			);
			defaultConfigurationIsVisible = 0;
			defaultConfigurationName = Release;
		};
/* End XCConfigurationList section */
	};
	rootObject = EC32532127B74B4600AE3832 /* Project object */;
}
